// !$*UTF8*$!
{
	archiveVersion = 1;
	classes = {
	};
	objectVersion = 56;
	objects = {

/* Begin PBXBuildFile section */
		C9CCF022290883E000B79C6E /* RandomChistesApp.swift in Sources */ = {isa = PBXBuildFile; fileRef = C9CCF021290883E000B79C6E /* RandomChistesApp.swift */; };
		C9CCF024290883E000B79C6E /* ContentView.swift in Sources */ = {isa = PBXBuildFile; fileRef = C9CCF023290883E000B79C6E /* ContentView.swift */; };
		C9CCF026290883E300B79C6E /* Assets.xcassets in Resources */ = {isa = PBXBuildFile; fileRef = C9CCF025290883E300B79C6E /* Assets.xcassets */; };
		C9CCF029290883E300B79C6E /* Preview Assets.xcassets in Resources */ = {isa = PBXBuildFile; fileRef = C9CCF028290883E300B79C6E /* Preview Assets.xcassets */; };
		C9CCF0312908841200B79C6E /* WebService.swift in Sources */ = {isa = PBXBuildFile; fileRef = C9CCF0302908841200B79C6E /* WebService.swift */; };
		C9CCF0372908853F00B79C6E /* RandomOutput.swift in Sources */ = {isa = PBXBuildFile; fileRef = C9CCF0362908853F00B79C6E /* RandomOutput.swift */; };
		C9CCF0392908854B00B79C6E /* RandomInput.swift in Sources */ = {isa = PBXBuildFile; fileRef = C9CCF0382908854B00B79C6E /* RandomInput.swift */; };
		C9CCF03B2908880500B79C6E /* RandomVIewModel.swift in Sources */ = {isa = PBXBuildFile; fileRef = C9CCF03A2908880500B79C6E /* RandomVIewModel.swift */; };
		C9CCF03D29088B1200B79C6E /* RandomView.swift in Sources */ = {isa = PBXBuildFile; fileRef = C9CCF03C29088B1200B79C6E /* RandomView.swift */; };
		C9CCF040290901AE00B79C6E /* RowView.swift in Sources */ = {isa = PBXBuildFile; fileRef = C9CCF03F290901AE00B79C6E /* RowView.swift */; };
/* End PBXBuildFile section */

/* Begin PBXFileReference section */
		C9CCF01E290883E000B79C6E /* RandomChistes.app */ = {isa = PBXFileReference; explicitFileType = wrapper.application; includeInIndex = 0; path = RandomChistes.app; sourceTree = BUILT_PRODUCTS_DIR; };
		C9CCF021290883E000B79C6E /* RandomChistesApp.swift */ = {isa = PBXFileReference; lastKnownFileType = sourcecode.swift; path = RandomChistesApp.swift; sourceTree = "<group>"; };
		C9CCF023290883E000B79C6E /* ContentView.swift */ = {isa = PBXFileReference; lastKnownFileType = sourcecode.swift; path = ContentView.swift; sourceTree = "<group>"; };
		C9CCF025290883E300B79C6E /* Assets.xcassets */ = {isa = PBXFileReference; lastKnownFileType = folder.assetcatalog; path = Assets.xcassets; sourceTree = "<group>"; };
		C9CCF028290883E300B79C6E /* Preview Assets.xcassets */ = {isa = PBXFileReference; lastKnownFileType = folder.assetcatalog; path = "Preview Assets.xcassets"; sourceTree = "<group>"; };
		C9CCF0302908841200B79C6E /* WebService.swift */ = {isa = PBXFileReference; lastKnownFileType = sourcecode.swift; path = WebService.swift; sourceTree = "<group>"; };
		C9CCF0362908853F00B79C6E /* RandomOutput.swift */ = {isa = PBXFileReference; lastKnownFileType = sourcecode.swift; path = RandomOutput.swift; sourceTree = "<group>"; };
		C9CCF0382908854B00B79C6E /* RandomInput.swift */ = {isa = PBXFileReference; lastKnownFileType = sourcecode.swift; path = RandomInput.swift; sourceTree = "<group>"; };
		C9CCF03A2908880500B79C6E /* RandomVIewModel.swift */ = {isa = PBXFileReference; lastKnownFileType = sourcecode.swift; path = RandomVIewModel.swift; sourceTree = "<group>"; };
		C9CCF03C29088B1200B79C6E /* RandomView.swift */ = {isa = PBXFileReference; lastKnownFileType = sourcecode.swift; path = RandomView.swift; sourceTree = "<group>"; };
		C9CCF03F290901AE00B79C6E /* RowView.swift */ = {isa = PBXFileReference; lastKnownFileType = sourcecode.swift; path = RowView.swift; sourceTree = "<group>"; };
/* End PBXFileReference section */

/* Begin PBXFrameworksBuildPhase section */
		C9CCF01B290883E000B79C6E /* Frameworks */ = {
			isa = PBXFrameworksBuildPhase;
			buildActionMask = 2147483647;
			files = (
			);
			runOnlyForDeploymentPostprocessing = 0;
		};
/* End PBXFrameworksBuildPhase section */

/* Begin PBXGroup section */
		C9CCF015290883E000B79C6E = {
			isa = PBXGroup;
			children = (
				C9CCF020290883E000B79C6E /* RandomChistes */,
				C9CCF01F290883E000B79C6E /* Products */,
			);
			sourceTree = "<group>";
		};
		C9CCF01F290883E000B79C6E /* Products */ = {
			isa = PBXGroup;
			children = (
				C9CCF01E290883E000B79C6E /* RandomChistes.app */,
			);
			name = Products;
			sourceTree = "<group>";
		};
		C9CCF020290883E000B79C6E /* RandomChistes */ = {
			isa = PBXGroup;
			children = (
				C9CCF0352908852B00B79C6E /* Models */,
				C9CCF034290884B300B79C6E /* Utils */,
				C9CCF0332908849C00B79C6E /* ViewModel */,
				C9CCF0322908849400B79C6E /* View */,
				C9CCF02F290883FD00B79C6E /* Api */,
				C9CCF021290883E000B79C6E /* RandomChistesApp.swift */,
				C9CCF023290883E000B79C6E /* ContentView.swift */,
				C9CCF025290883E300B79C6E /* Assets.xcassets */,
				C9CCF027290883E300B79C6E /* Preview Content */,
			);
			path = RandomChistes;
			sourceTree = "<group>";
		};
		C9CCF027290883E300B79C6E /* Preview Content */ = {
			isa = PBXGroup;
			children = (
				C9CCF028290883E300B79C6E /* Preview Assets.xcassets */,
			);
			path = "Preview Content";
			sourceTree = "<group>";
		};
		C9CCF02F290883FD00B79C6E /* Api */ = {
			isa = PBXGroup;
			children = (
				C9CCF0302908841200B79C6E /* WebService.swift */,
			);
			path = Api;
			sourceTree = "<group>";
		};
		C9CCF0322908849400B79C6E /* View */ = {
			isa = PBXGroup;
			children = (
				C9CCF03E2909019900B79C6E /* Row */,
				C9CCF03C29088B1200B79C6E /* RandomView.swift */,
			);
			path = View;
			sourceTree = "<group>";
		};
		C9CCF0332908849C00B79C6E /* ViewModel */ = {
			isa = PBXGroup;
			children = (
				C9CCF03A2908880500B79C6E /* RandomVIewModel.swift */,
			);
			path = ViewModel;
			sourceTree = "<group>";
		};
		C9CCF034290884B300B79C6E /* Utils */ = {
			isa = PBXGroup;
			children = (
			);
			path = Utils;
			sourceTree = "<group>";
		};
		C9CCF0352908852B00B79C6E /* Models */ = {
			isa = PBXGroup;
			children = (
				C9CCF0362908853F00B79C6E /* RandomOutput.swift */,
				C9CCF0382908854B00B79C6E /* RandomInput.swift */,
			);
			path = Models;
			sourceTree = "<group>";
		};
		C9CCF03E2909019900B79C6E /* Row */ = {
			isa = PBXGroup;
			children = (
				C9CCF03F290901AE00B79C6E /* RowView.swift */,
			);
			path = Row;
			sourceTree = "<group>";
		};
/* End PBXGroup section */

/* Begin PBXNativeTarget section */
		C9CCF01D290883E000B79C6E /* RandomChistes */ = {
			isa = PBXNativeTarget;
			buildConfigurationList = C9CCF02C290883E300B79C6E /* Build configuration list for PBXNativeTarget "RandomChistes" */;
			buildPhases = (
				C9CCF01A290883E000B79C6E /* Sources */,
				C9CCF01B290883E000B79C6E /* Frameworks */,
				C9CCF01C290883E000B79C6E /* Resources */,
			);
			buildRules = (
			);
			dependencies = (
			);
			name = RandomChistes;
			productName = RandomChistes;
			productReference = C9CCF01E290883E000B79C6E /* RandomChistes.app */;
			productType = "com.apple.product-type.application";
		};
/* End PBXNativeTarget section */

/* Begin PBXProject section */
		C9CCF016290883E000B79C6E /* Project object */ = {
			isa = PBXProject;
			attributes = {
				BuildIndependentTargetsInParallel = 1;
				LastSwiftUpdateCheck = 1400;
				LastUpgradeCheck = 1400;
				TargetAttributes = {
					C9CCF01D290883E000B79C6E = {
						CreatedOnToolsVersion = 14.0.1;
					};
				};
			};
			buildConfigurationList = C9CCF019290883E000B79C6E /* Build configuration list for PBXProject "RandomChistes" */;
			compatibilityVersion = "Xcode 14.0";
			developmentRegion = en;
			hasScannedForEncodings = 0;
			knownRegions = (
				en,
				Base,
			);
			mainGroup = C9CCF015290883E000B79C6E;
			productRefGroup = C9CCF01F290883E000B79C6E /* Products */;
			projectDirPath = "";
			projectRoot = "";
			targets = (
				C9CCF01D290883E000B79C6E /* RandomChistes */,
			);
		};
/* End PBXProject section */

/* Begin PBXResourcesBuildPhase section */
		C9CCF01C290883E000B79C6E /* Resources */ = {
			isa = PBXResourcesBuildPhase;
			buildActionMask = 2147483647;
			files = (
				C9CCF029290883E300B79C6E /* Preview Assets.xcassets in Resources */,
				C9CCF026290883E300B79C6E /* Assets.xcassets in Resources */,
			);
			runOnlyForDeploymentPostprocessing = 0;
		};
/* End PBXResourcesBuildPhase section */

/* Begin PBXSourcesBuildPhase section */
		C9CCF01A290883E000B79C6E /* Sources */ = {
			isa = PBXSourcesBuildPhase;
			buildActionMask = 2147483647;
			files = (
				C9CCF03D29088B1200B79C6E /* RandomView.swift in Sources */,
				C9CCF0312908841200B79C6E /* WebService.swift in Sources */,
				C9CCF03B2908880500B79C6E /* RandomVIewModel.swift in Sources */,
				C9CCF040290901AE00B79C6E /* RowView.swift in Sources */,
				C9CCF024290883E000B79C6E /* ContentView.swift in Sources */,
				C9CCF022290883E000B79C6E /* RandomChistesApp.swift in Sources */,
				C9CCF0392908854B00B79C6E /* RandomInput.swift in Sources */,
				C9CCF0372908853F00B79C6E /* RandomOutput.swift in Sources */,
			);
			runOnlyForDeploymentPostprocessing = 0;
		};
/* End PBXSourcesBuildPhase section */

/* Begin XCBuildConfiguration section */
		C9CCF02A290883E300B79C6E /* Debug */ = {
			isa = XCBuildConfiguration;
			buildSettings = {
				ALWAYS_SEARCH_USER_PATHS = NO;
				CLANG_ANALYZER_NONNULL = YES;
				CLANG_ANALYZER_NUMBER_OBJECT_CONVERSION = YES_AGGRESSIVE;
				CLANG_CXX_LANGUAGE_STANDARD = "gnu++20";
				CLANG_ENABLE_MODULES = YES;
				CLANG_ENABLE_OBJC_ARC = YES;
				CLANG_ENABLE_OBJC_WEAK = YES;
				CLANG_WARN_BLOCK_CAPTURE_AUTORELEASING = YES;
				CLANG_WARN_BOOL_CONVERSION = YES;
				CLANG_WARN_COMMA = YES;
				CLANG_WARN_CONSTANT_CONVERSION = YES;
				CLANG_WARN_DEPRECATED_OBJC_IMPLEMENTATIONS = YES;
				CLANG_WARN_DIRECT_OBJC_ISA_USAGE = YES_ERROR;
				CLANG_WARN_DOCUMENTATION_COMMENTS = YES;
				CLANG_WARN_EMPTY_BODY = YES;
				CLANG_WARN_ENUM_CONVERSION = YES;
				CLANG_WARN_INFINITE_RECURSION = YES;
				CLANG_WARN_INT_CONVERSION = YES;
				CLANG_WARN_NON_LITERAL_NULL_CONVERSION = YES;
				CLANG_WARN_OBJC_IMPLICIT_RETAIN_SELF = YES;
				CLANG_WARN_OBJC_LITERAL_CONVERSION = YES;
				CLANG_WARN_OBJC_ROOT_CLASS = YES_ERROR;
				CLANG_WARN_QUOTED_INCLUDE_IN_FRAMEWORK_HEADER = YES;
				CLANG_WARN_RANGE_LOOP_ANALYSIS = YES;
				CLANG_WARN_STRICT_PROTOTYPES = YES;
				CLANG_WARN_SUSPICIOUS_MOVE = YES;
				CLANG_WARN_UNGUARDED_AVAILABILITY = YES_AGGRESSIVE;
				CLANG_WARN_UNREACHABLE_CODE = YES;
				CLANG_WARN__DUPLICATE_METHOD_MATCH = YES;
				COPY_PHASE_STRIP = NO;
				DEBUG_INFORMATION_FORMAT = dwarf;
				ENABLE_STRICT_OBJC_MSGSEND = YES;
				ENABLE_TESTABILITY = YES;
				GCC_C_LANGUAGE_STANDARD = gnu11;
				GCC_DYNAMIC_NO_PIC = NO;
				GCC_NO_COMMON_BLOCKS = YES;
				GCC_OPTIMIZATION_LEVEL = 0;
				GCC_PREPROCESSOR_DEFINITIONS = (
					"DEBUG=1",
					"$(inherited)",
				);
				GCC_WARN_64_TO_32_BIT_CONVERSION = YES;
				GCC_WARN_ABOUT_RETURN_TYPE = YES_ERROR;
				GCC_WARN_UNDECLARED_SELECTOR = YES;
				GCC_WARN_UNINITIALIZED_AUTOS = YES_AGGRESSIVE;
				GCC_WARN_UNUSED_FUNCTION = YES;
				GCC_WARN_UNUSED_VARIABLE = YES;
				IPHONEOS_DEPLOYMENT_TARGET = 16.0;
				MTL_ENABLE_DEBUG_INFO = INCLUDE_SOURCE;
				MTL_FAST_MATH = YES;
				ONLY_ACTIVE_ARCH = YES;
				SDKROOT = iphoneos;
				SWIFT_ACTIVE_COMPILATION_CONDITIONS = DEBUG;
				SWIFT_OPTIMIZATION_LEVEL = "-Onone";
			};
			name = Debug;
		};
		C9CCF02B290883E300B79C6E /* Release */ = {
			isa = XCBuildConfiguration;
			buildSettings = {
				ALWAYS_SEARCH_USER_PATHS = NO;
				CLANG_ANALYZER_NONNULL = YES;
				CLANG_ANALYZER_NUMBER_OBJECT_CONVERSION = YES_AGGRESSIVE;
				CLANG_CXX_LANGUAGE_STANDARD = "gnu++20";
				CLANG_ENABLE_MODULES = YES;
				CLANG_ENABLE_OBJC_ARC = YES;
				CLANG_ENABLE_OBJC_WEAK = YES;
				CLANG_WARN_BLOCK_CAPTURE_AUTORELEASING = YES;
				CLANG_WARN_BOOL_CONVERSION = YES;
				CLANG_WARN_COMMA = YES;
				CLANG_WARN_CONSTANT_CONVERSION = YES;
				CLANG_WARN_DEPRECATED_OBJC_IMPLEMENTATIONS = YES;
				CLANG_WARN_DIRECT_OBJC_ISA_USAGE = YES_ERROR;
				CLANG_WARN_DOCUMENTATION_COMMENTS = YES;
				CLANG_WARN_EMPTY_BODY = YES;
				CLANG_WARN_ENUM_CONVERSION = YES;
				CLANG_WARN_INFINITE_RECURSION = YES;
				CLANG_WARN_INT_CONVERSION = YES;
				CLANG_WARN_NON_LITERAL_NULL_CONVERSION = YES;
				CLANG_WARN_OBJC_IMPLICIT_RETAIN_SELF = YES;
				CLANG_WARN_OBJC_LITERAL_CONVERSION = YES;
				CLANG_WARN_OBJC_ROOT_CLASS = YES_ERROR;
				CLANG_WARN_QUOTED_INCLUDE_IN_FRAMEWORK_HEADER = YES;
				CLANG_WARN_RANGE_LOOP_ANALYSIS = YES;
				CLANG_WARN_STRICT_PROTOTYPES = YES;
				CLANG_WARN_SUSPICIOUS_MOVE = YES;
				CLANG_WARN_UNGUARDED_AVAILABILITY = YES_AGGRESSIVE;
				CLANG_WARN_UNREACHABLE_CODE = YES;
				CLANG_WARN__DUPLICATE_METHOD_MATCH = YES;
				COPY_PHASE_STRIP = NO;
				DEBUG_INFORMATION_FORMAT = "dwarf-with-dsym";
				ENABLE_NS_ASSERTIONS = NO;
				ENABLE_STRICT_OBJC_MSGSEND = YES;
				GCC_C_LANGUAGE_STANDARD = gnu11;
				GCC_NO_COMMON_BLOCKS = YES;
				GCC_WARN_64_TO_32_BIT_CONVERSION = YES;
				GCC_WARN_ABOUT_RETURN_TYPE = YES_ERROR;
				GCC_WARN_UNDECLARED_SELECTOR = YES;
				GCC_WARN_UNINITIALIZED_AUTOS = YES_AGGRESSIVE;
				GCC_WARN_UNUSED_FUNCTION = YES;
				GCC_WARN_UNUSED_VARIABLE = YES;
				IPHONEOS_DEPLOYMENT_TARGET = 16.0;
				MTL_ENABLE_DEBUG_INFO = NO;
				MTL_FAST_MATH = YES;
				SDKROOT = iphoneos;
				SWIFT_COMPILATION_MODE = wholemodule;
				SWIFT_OPTIMIZATION_LEVEL = "-O";
				VALIDATE_PRODUCT = YES;
			};
			name = Release;
		};
		C9CCF02D290883E300B79C6E /* Debug */ = {
			isa = XCBuildConfiguration;
			buildSettings = {
				ASSETCATALOG_COMPILER_APPICON_NAME = AppIcon;
				ASSETCATALOG_COMPILER_GLOBAL_ACCENT_COLOR_NAME = AccentColor;
				CODE_SIGN_STYLE = Automatic;
				CURRENT_PROJECT_VERSION = 1;
				DEVELOPMENT_ASSET_PATHS = "\"RandomChistes/Preview Content\"";
				DEVELOPMENT_TEAM = VZV6688XCU;
				ENABLE_PREVIEWS = YES;
				GENERATE_INFOPLIST_FILE = YES;
				INFOPLIST_KEY_UIApplicationSceneManifest_Generation = YES;
				INFOPLIST_KEY_UIApplicationSupportsIndirectInputEvents = YES;
				INFOPLIST_KEY_UILaunchScreen_Generation = YES;
				INFOPLIST_KEY_UISupportedInterfaceOrientations_iPad = "UIInterfaceOrientationPortrait UIInterfaceOrientationPortraitUpsideDown UIInterfaceOrientationLandscapeLeft UIInterfaceOrientationLandscapeRight";
				INFOPLIST_KEY_UISupportedInterfaceOrientations_iPhone = "UIInterfaceOrientationPortrait UIInterfaceOrientationLandscapeLeft UIInterfaceOrientationLandscapeRight";
				LD_RUNPATH_SEARCH_PATHS = (
					"$(inherited)",
					"@executable_path/Frameworks",
				);
				MARKETING_VERSION = 1.0;
				PRODUCT_BUNDLE_IDENTIFIER = com.ds.RandomChistes;
				PRODUCT_NAME = "$(TARGET_NAME)";
				SWIFT_EMIT_LOC_STRINGS = YES;
				SWIFT_VERSION = 5.0;
				TARGETED_DEVICE_FAMILY = "1,2";
			};
			name = Debug;
		};
		C9CCF02E290883E300B79C6E /* Release */ = {
			isa = XCBuildConfiguration;
			buildSettings = {
				ASSETCATALOG_COMPILER_APPICON_NAME = AppIcon;
				ASSETCATALOG_COMPILER_GLOBAL_ACCENT_COLOR_NAME = AccentColor;
				CODE_SIGN_STYLE = Automatic;
				CURRENT_PROJECT_VERSION = 1;
				DEVELOPMENT_ASSET_PATHS = "\"RandomChistes/Preview Content\"";
				DEVELOPMENT_TEAM = VZV6688XCU;
				ENABLE_PREVIEWS = YES;
				GENERATE_INFOPLIST_FILE = YES;
				INFOPLIST_KEY_UIApplicationSceneManifest_Generation = YES;
				INFOPLIST_KEY_UIApplicationSupportsIndirectInputEvents = YES;
				INFOPLIST_KEY_UILaunchScreen_Generation = YES;
				INFOPLIST_KEY_UISupportedInterfaceOrientations_iPad = "UIInterfaceOrientationPortrait UIInterfaceOrientationPortraitUpsideDown UIInterfaceOrientationLandscapeLeft UIInterfaceOrientationLandscapeRight";
				INFOPLIST_KEY_UISupportedInterfaceOrientations_iPhone = "UIInterfaceOrientationPortrait UIInterfaceOrientationLandscapeLeft UIInterfaceOrientationLandscapeRight";
				LD_RUNPATH_SEARCH_PATHS = (
					"$(inherited)",
					"@executable_path/Frameworks",
				);
				MARKETING_VERSION = 1.0;
				PRODUCT_BUNDLE_IDENTIFIER = com.ds.RandomChistes;
				PRODUCT_NAME = "$(TARGET_NAME)";
				SWIFT_EMIT_LOC_STRINGS = YES;
				SWIFT_VERSION = 5.0;
				TARGETED_DEVICE_FAMILY = "1,2";
			};
			name = Release;
		};
/* End XCBuildConfiguration section */

/* Begin XCConfigurationList section */
		C9CCF019290883E000B79C6E /* Build configuration list for PBXProject "RandomChistes" */ = {
			isa = XCConfigurationList;
			buildConfigurations = (
				C9CCF02A290883E300B79C6E /* Debug */,
				C9CCF02B290883E300B79C6E /* Release */,
			);
			defaultConfigurationIsVisible = 0;
			defaultConfigurationName = Release;
		};
		C9CCF02C290883E300B79C6E /* Build configuration list for PBXNativeTarget "RandomChistes" */ = {
			isa = XCConfigurationList;
			buildConfigurations = (
				C9CCF02D290883E300B79C6E /* Debug */,
				C9CCF02E290883E300B79C6E /* Release */,
			);
			defaultConfigurationIsVisible = 0;
			defaultConfigurationName = Release;
		};
/* End XCConfigurationList section */
	};
	rootObject = C9CCF016290883E000B79C6E /* Project object */;
}
